# THIS IS AN AUTOGENERATED FILE. DO NOT EDIT THIS FILE DIRECTLY.
# yarn lockfile v1


leaflet-geosearch@^2.5.1:
  version "2.5.1"
  resolved "https://registry.yarnpkg.com/leaflet-geosearch/-/leaflet-geosearch-2.5.1.tgz#d9d4547214a955b237bb93593979c598eac2899f"
  dependencies:
    lodash.debounce "^4.0.8"
    nodent-runtime "^3.0.4"

lodash.debounce@^4.0.8:
  version "4.0.8"
  resolved "https://registry.yarnpkg.com/lodash.debounce/-/lodash.debounce-4.0.8.tgz#82d79bff30a67c4005ffd5e2515300ad9ca4d7af"

nodent-runtime@^3.0.4:
  version "3.0.4"
  resolved "https://registry.yarnpkg.com/nodent-runtime/-/nodent-runtime-3.0.4.tgz#a801ecb7bb0f6c39a69b24cc2fa370cfa8b492da"
